// !$*UTF8*$!
{
	archiveVersion = 1;
	classes = {
	};
	objectVersion = 56;
	objects = {

/* Begin PBXBuildFile section */
		7122A38E2BEA0CDF00B83353 /* TextExtension.swift in Sources */ = {isa = PBXBuildFile; fileRef = 7122A38D2BEA0CDF00B83353 /* TextExtension.swift */; };
		7122A3912BEA0F2800B83353 /* PrimaryButton.swift in Sources */ = {isa = PBXBuildFile; fileRef = 7122A3902BEA0F2800B83353 /* PrimaryButton.swift */; };
		719DFF402BE8E401007ACDD0 /* PhotoEditorAppApp.swift in Sources */ = {isa = PBXBuildFile; fileRef = 719DFF3F2BE8E401007ACDD0 /* PhotoEditorAppApp.swift */; };
		719DFF422BE8E401007ACDD0 /* ContentView.swift in Sources */ = {isa = PBXBuildFile; fileRef = 719DFF412BE8E401007ACDD0 /* ContentView.swift */; };
		719DFF442BE8E403007ACDD0 /* Assets.xcassets in Resources */ = {isa = PBXBuildFile; fileRef = 719DFF432BE8E403007ACDD0 /* Assets.xcassets */; };
		719DFF482BE8E403007ACDD0 /* Preview Assets.xcassets in Resources */ = {isa = PBXBuildFile; fileRef = 719DFF472BE8E403007ACDD0 /* Preview Assets.xcassets */; };
		719DFF522BE8E403007ACDD0 /* PhotoEditorAppTests.swift in Sources */ = {isa = PBXBuildFile; fileRef = 719DFF512BE8E403007ACDD0 /* PhotoEditorAppTests.swift */; };
		719DFF5C2BE8E403007ACDD0 /* PhotoEditorAppUITests.swift in Sources */ = {isa = PBXBuildFile; fileRef = 719DFF5B2BE8E403007ACDD0 /* PhotoEditorAppUITests.swift */; };
		719DFF5E2BE8E403007ACDD0 /* PhotoEditorAppUITestsLaunchTests.swift in Sources */ = {isa = PBXBuildFile; fileRef = 719DFF5D2BE8E403007ACDD0 /* PhotoEditorAppUITestsLaunchTests.swift */; };
		719DFF6C2BE8E642007ACDD0 /* CaptureView.swift in Sources */ = {isa = PBXBuildFile; fileRef = 719DFF6B2BE8E642007ACDD0 /* CaptureView.swift */; };
		719DFF6F2BE8E67E007ACDD0 /* CaptureImageExtension.swift in Sources */ = {isa = PBXBuildFile; fileRef = 719DFF6E2BE8E67E007ACDD0 /* CaptureImageExtension.swift */; };
		719DFF722BE8E6BC007ACDD0 /* ShareImage.swift in Sources */ = {isa = PBXBuildFile; fileRef = 719DFF712BE8E6BC007ACDD0 /* ShareImage.swift */; };
		719DFF762BE8EA9B007ACDD0 /* ImagePicker.swift in Sources */ = {isa = PBXBuildFile; fileRef = 719DFF752BE8EA9B007ACDD0 /* ImagePicker.swift */; };
		719DFF792BE8F4EE007ACDD0 /* FilterManager.swift in Sources */ = {isa = PBXBuildFile; fileRef = 719DFF782BE8F4EE007ACDD0 /* FilterManager.swift */; };
		719DFF7B2BE8FC38007ACDD0 /* FilterExtension.swift in Sources */ = {isa = PBXBuildFile; fileRef = 719DFF7A2BE8FC38007ACDD0 /* FilterExtension.swift */; };
		719DFF7D2BE93188007ACDD0 /* FilterThumbnail.swift in Sources */ = {isa = PBXBuildFile; fileRef = 719DFF7C2BE93188007ACDD0 /* FilterThumbnail.swift */; };
/* End PBXBuildFile section */

/* Begin PBXContainerItemProxy section */
		719DFF4E2BE8E403007ACDD0 /* PBXContainerItemProxy */ = {
			isa = PBXContainerItemProxy;
			containerPortal = 719DFF342BE8E401007ACDD0 /* Project object */;
			proxyType = 1;
			remoteGlobalIDString = 719DFF3B2BE8E401007ACDD0;
			remoteInfo = PhotoEditorApp;
		};
		719DFF582BE8E403007ACDD0 /* PBXContainerItemProxy */ = {
			isa = PBXContainerItemProxy;
			containerPortal = 719DFF342BE8E401007ACDD0 /* Project object */;
			proxyType = 1;
			remoteGlobalIDString = 719DFF3B2BE8E401007ACDD0;
			remoteInfo = PhotoEditorApp;
		};
/* End PBXContainerItemProxy section */

/* Begin PBXFileReference section */
		7122A38D2BEA0CDF00B83353 /* TextExtension.swift */ = {isa = PBXFileReference; lastKnownFileType = sourcecode.swift; path = TextExtension.swift; sourceTree = "<group>"; };
		7122A3902BEA0F2800B83353 /* PrimaryButton.swift */ = {isa = PBXFileReference; lastKnownFileType = sourcecode.swift; path = PrimaryButton.swift; sourceTree = "<group>"; };
		719DFF3C2BE8E401007ACDD0 /* PhotoEditorApp.app */ = {isa = PBXFileReference; explicitFileType = wrapper.application; includeInIndex = 0; path = PhotoEditorApp.app; sourceTree = BUILT_PRODUCTS_DIR; };
		719DFF3F2BE8E401007ACDD0 /* PhotoEditorAppApp.swift */ = {isa = PBXFileReference; lastKnownFileType = sourcecode.swift; path = PhotoEditorAppApp.swift; sourceTree = "<group>"; };
		719DFF412BE8E401007ACDD0 /* ContentView.swift */ = {isa = PBXFileReference; lastKnownFileType = sourcecode.swift; path = ContentView.swift; sourceTree = "<group>"; };
		719DFF432BE8E403007ACDD0 /* Assets.xcassets */ = {isa = PBXFileReference; lastKnownFileType = folder.assetcatalog; path = Assets.xcassets; sourceTree = "<group>"; };
		719DFF452BE8E403007ACDD0 /* PhotoEditorApp.entitlements */ = {isa = PBXFileReference; lastKnownFileType = text.plist.entitlements; path = PhotoEditorApp.entitlements; sourceTree = "<group>"; };
		719DFF472BE8E403007ACDD0 /* Preview Assets.xcassets */ = {isa = PBXFileReference; lastKnownFileType = folder.assetcatalog; path = "Preview Assets.xcassets"; sourceTree = "<group>"; };
		719DFF4D2BE8E403007ACDD0 /* PhotoEditorAppTests.xctest */ = {isa = PBXFileReference; explicitFileType = wrapper.cfbundle; includeInIndex = 0; path = PhotoEditorAppTests.xctest; sourceTree = BUILT_PRODUCTS_DIR; };
		719DFF512BE8E403007ACDD0 /* PhotoEditorAppTests.swift */ = {isa = PBXFileReference; lastKnownFileType = sourcecode.swift; path = PhotoEditorAppTests.swift; sourceTree = "<group>"; };
		719DFF572BE8E403007ACDD0 /* PhotoEditorAppUITests.xctest */ = {isa = PBXFileReference; explicitFileType = wrapper.cfbundle; includeInIndex = 0; path = PhotoEditorAppUITests.xctest; sourceTree = BUILT_PRODUCTS_DIR; };
		719DFF5B2BE8E403007ACDD0 /* PhotoEditorAppUITests.swift */ = {isa = PBXFileReference; lastKnownFileType = sourcecode.swift; path = PhotoEditorAppUITests.swift; sourceTree = "<group>"; };
		719DFF5D2BE8E403007ACDD0 /* PhotoEditorAppUITestsLaunchTests.swift */ = {isa = PBXFileReference; lastKnownFileType = sourcecode.swift; path = PhotoEditorAppUITestsLaunchTests.swift; sourceTree = "<group>"; };
		719DFF6B2BE8E642007ACDD0 /* CaptureView.swift */ = {isa = PBXFileReference; lastKnownFileType = sourcecode.swift; path = CaptureView.swift; sourceTree = "<group>"; };
		719DFF6E2BE8E67E007ACDD0 /* CaptureImageExtension.swift */ = {isa = PBXFileReference; lastKnownFileType = sourcecode.swift; path = CaptureImageExtension.swift; sourceTree = "<group>"; };
		719DFF712BE8E6BC007ACDD0 /* ShareImage.swift */ = {isa = PBXFileReference; lastKnownFileType = sourcecode.swift; path = ShareImage.swift; sourceTree = "<group>"; };
		719DFF752BE8EA9B007ACDD0 /* ImagePicker.swift */ = {isa = PBXFileReference; lastKnownFileType = sourcecode.swift; path = ImagePicker.swift; sourceTree = "<group>"; };
		719DFF782BE8F4EE007ACDD0 /* FilterManager.swift */ = {isa = PBXFileReference; lastKnownFileType = sourcecode.swift; path = FilterManager.swift; sourceTree = "<group>"; };
		719DFF7A2BE8FC38007ACDD0 /* FilterExtension.swift */ = {isa = PBXFileReference; lastKnownFileType = sourcecode.swift; path = FilterExtension.swift; sourceTree = "<group>"; };
		719DFF7C2BE93188007ACDD0 /* FilterThumbnail.swift */ = {isa = PBXFileReference; lastKnownFileType = sourcecode.swift; path = FilterThumbnail.swift; sourceTree = "<group>"; };
/* End PBXFileReference section */

/* Begin PBXFrameworksBuildPhase section */
		719DFF392BE8E401007ACDD0 /* Frameworks */ = {
			isa = PBXFrameworksBuildPhase;
			buildActionMask = 2147483647;
			files = (
			);
			runOnlyForDeploymentPostprocessing = 0;
		};
		719DFF4A2BE8E403007ACDD0 /* Frameworks */ = {
			isa = PBXFrameworksBuildPhase;
			buildActionMask = 2147483647;
			files = (
			);
			runOnlyForDeploymentPostprocessing = 0;
		};
		719DFF542BE8E403007ACDD0 /* Frameworks */ = {
			isa = PBXFrameworksBuildPhase;
			buildActionMask = 2147483647;
			files = (
			);
			runOnlyForDeploymentPostprocessing = 0;
		};
/* End PBXFrameworksBuildPhase section */

/* Begin PBXGroup section */
		7122A38F2BEA0F0100B83353 /* design */ = {
			isa = PBXGroup;
			children = (
				7122A3902BEA0F2800B83353 /* PrimaryButton.swift */,
			);
			path = design;
			sourceTree = "<group>";
		};
		719DFF332BE8E401007ACDD0 = {
			isa = PBXGroup;
			children = (
				719DFF3E2BE8E401007ACDD0 /* PhotoEditorApp */,
				719DFF502BE8E403007ACDD0 /* PhotoEditorAppTests */,
				719DFF5A2BE8E403007ACDD0 /* PhotoEditorAppUITests */,
				719DFF3D2BE8E401007ACDD0 /* Products */,
			);
			sourceTree = "<group>";
		};
		719DFF3D2BE8E401007ACDD0 /* Products */ = {
			isa = PBXGroup;
			children = (
				719DFF3C2BE8E401007ACDD0 /* PhotoEditorApp.app */,
				719DFF4D2BE8E403007ACDD0 /* PhotoEditorAppTests.xctest */,
				719DFF572BE8E403007ACDD0 /* PhotoEditorAppUITests.xctest */,
			);
			name = Products;
			sourceTree = "<group>";
		};
		719DFF3E2BE8E401007ACDD0 /* PhotoEditorApp */ = {
			isa = PBXGroup;
			children = (
				719DFF772BE8F4D3007ACDD0 /* imageFilter */,
				719DFF702BE8E6B0007ACDD0 /* shareImage */,
				719DFF6D2BE8E665007ACDD0 /* extension */,
				719DFF6A2BE8E633007ACDD0 /* capture */,
				719DFF3F2BE8E401007ACDD0 /* PhotoEditorAppApp.swift */,
				719DFF412BE8E401007ACDD0 /* ContentView.swift */,
				719DFF432BE8E403007ACDD0 /* Assets.xcassets */,
				719DFF452BE8E403007ACDD0 /* PhotoEditorApp.entitlements */,
				719DFF462BE8E403007ACDD0 /* Preview Content */,
			);
			path = PhotoEditorApp;
			sourceTree = "<group>";
		};
		719DFF462BE8E403007ACDD0 /* Preview Content */ = {
			isa = PBXGroup;
			children = (
				719DFF472BE8E403007ACDD0 /* Preview Assets.xcassets */,
			);
			path = "Preview Content";
			sourceTree = "<group>";
		};
		719DFF502BE8E403007ACDD0 /* PhotoEditorAppTests */ = {
			isa = PBXGroup;
			children = (
				719DFF512BE8E403007ACDD0 /* PhotoEditorAppTests.swift */,
			);
			path = PhotoEditorAppTests;
			sourceTree = "<group>";
		};
		719DFF5A2BE8E403007ACDD0 /* PhotoEditorAppUITests */ = {
			isa = PBXGroup;
			children = (
				719DFF5B2BE8E403007ACDD0 /* PhotoEditorAppUITests.swift */,
				719DFF5D2BE8E403007ACDD0 /* PhotoEditorAppUITestsLaunchTests.swift */,
			);
			path = PhotoEditorAppUITests;
			sourceTree = "<group>";
		};
		719DFF6A2BE8E633007ACDD0 /* capture */ = {
			isa = PBXGroup;
			children = (
				719DFF6B2BE8E642007ACDD0 /* CaptureView.swift */,
				719DFF752BE8EA9B007ACDD0 /* ImagePicker.swift */,
			);
			path = capture;
			sourceTree = "<group>";
		};
		719DFF6D2BE8E665007ACDD0 /* extension */ = {
			isa = PBXGroup;
			children = (
				7122A38F2BEA0F0100B83353 /* design */,
				719DFF6E2BE8E67E007ACDD0 /* CaptureImageExtension.swift */,
				719DFF7A2BE8FC38007ACDD0 /* FilterExtension.swift */,
				7122A38D2BEA0CDF00B83353 /* TextExtension.swift */,
			);
			path = extension;
			sourceTree = "<group>";
		};
		719DFF702BE8E6B0007ACDD0 /* shareImage */ = {
			isa = PBXGroup;
			children = (
				719DFF712BE8E6BC007ACDD0 /* ShareImage.swift */,
			);
			path = shareImage;
			sourceTree = "<group>";
		};
		719DFF772BE8F4D3007ACDD0 /* imageFilter */ = {
			isa = PBXGroup;
			children = (
				719DFF782BE8F4EE007ACDD0 /* FilterManager.swift */,
				719DFF7C2BE93188007ACDD0 /* FilterThumbnail.swift */,
			);
			path = imageFilter;
			sourceTree = "<group>";
		};
/* End PBXGroup section */

/* Begin PBXNativeTarget section */
		719DFF3B2BE8E401007ACDD0 /* PhotoEditorApp */ = {
			isa = PBXNativeTarget;
			buildConfigurationList = 719DFF612BE8E403007ACDD0 /* Build configuration list for PBXNativeTarget "PhotoEditorApp" */;
			buildPhases = (
				719DFF382BE8E401007ACDD0 /* Sources */,
				719DFF392BE8E401007ACDD0 /* Frameworks */,
				719DFF3A2BE8E401007ACDD0 /* Resources */,
			);
			buildRules = (
			);
			dependencies = (
			);
			name = PhotoEditorApp;
			productName = PhotoEditorApp;
			productReference = 719DFF3C2BE8E401007ACDD0 /* PhotoEditorApp.app */;
			productType = "com.apple.product-type.application";
		};
		719DFF4C2BE8E403007ACDD0 /* PhotoEditorAppTests */ = {
			isa = PBXNativeTarget;
			buildConfigurationList = 719DFF642BE8E403007ACDD0 /* Build configuration list for PBXNativeTarget "PhotoEditorAppTests" */;
			buildPhases = (
				719DFF492BE8E403007ACDD0 /* Sources */,
				719DFF4A2BE8E403007ACDD0 /* Frameworks */,
				719DFF4B2BE8E403007ACDD0 /* Resources */,
			);
			buildRules = (
			);
			dependencies = (
				719DFF4F2BE8E403007ACDD0 /* PBXTargetDependency */,
			);
			name = PhotoEditorAppTests;
			productName = PhotoEditorAppTests;
			productReference = 719DFF4D2BE8E403007ACDD0 /* PhotoEditorAppTests.xctest */;
			productType = "com.apple.product-type.bundle.unit-test";
		};
		719DFF562BE8E403007ACDD0 /* PhotoEditorAppUITests */ = {
			isa = PBXNativeTarget;
			buildConfigurationList = 719DFF672BE8E403007ACDD0 /* Build configuration list for PBXNativeTarget "PhotoEditorAppUITests" */;
			buildPhases = (
				719DFF532BE8E403007ACDD0 /* Sources */,
				719DFF542BE8E403007ACDD0 /* Frameworks */,
				719DFF552BE8E403007ACDD0 /* Resources */,
			);
			buildRules = (
			);
			dependencies = (
				719DFF592BE8E403007ACDD0 /* PBXTargetDependency */,
			);
			name = PhotoEditorAppUITests;
			productName = PhotoEditorAppUITests;
			productReference = 719DFF572BE8E403007ACDD0 /* PhotoEditorAppUITests.xctest */;
			productType = "com.apple.product-type.bundle.ui-testing";
		};
/* End PBXNativeTarget section */

/* Begin PBXProject section */
		719DFF342BE8E401007ACDD0 /* Project object */ = {
			isa = PBXProject;
			attributes = {
				BuildIndependentTargetsInParallel = 1;
				LastSwiftUpdateCheck = 1530;
				LastUpgradeCheck = 1530;
				TargetAttributes = {
					719DFF3B2BE8E401007ACDD0 = {
						CreatedOnToolsVersion = 15.3;
					};
					719DFF4C2BE8E403007ACDD0 = {
						CreatedOnToolsVersion = 15.3;
						TestTargetID = 719DFF3B2BE8E401007ACDD0;
					};
					719DFF562BE8E403007ACDD0 = {
						CreatedOnToolsVersion = 15.3;
						TestTargetID = 719DFF3B2BE8E401007ACDD0;
					};
				};
			};
			buildConfigurationList = 719DFF372BE8E401007ACDD0 /* Build configuration list for PBXProject "PhotoEditorApp" */;
			compatibilityVersion = "Xcode 14.0";
			developmentRegion = en;
			hasScannedForEncodings = 0;
			knownRegions = (
				en,
				Base,
			);
			mainGroup = 719DFF332BE8E401007ACDD0;
			productRefGroup = 719DFF3D2BE8E401007ACDD0 /* Products */;
			projectDirPath = "";
			projectRoot = "";
			targets = (
				719DFF3B2BE8E401007ACDD0 /* PhotoEditorApp */,
				719DFF4C2BE8E403007ACDD0 /* PhotoEditorAppTests */,
				719DFF562BE8E403007ACDD0 /* PhotoEditorAppUITests */,
			);
		};
/* End PBXProject section */

/* Begin PBXResourcesBuildPhase section */
		719DFF3A2BE8E401007ACDD0 /* Resources */ = {
			isa = PBXResourcesBuildPhase;
			buildActionMask = 2147483647;
			files = (
				719DFF482BE8E403007ACDD0 /* Preview Assets.xcassets in Resources */,
				719DFF442BE8E403007ACDD0 /* Assets.xcassets in Resources */,
			);
			runOnlyForDeploymentPostprocessing = 0;
		};
		719DFF4B2BE8E403007ACDD0 /* Resources */ = {
			isa = PBXResourcesBuildPhase;
			buildActionMask = 2147483647;
			files = (
			);
			runOnlyForDeploymentPostprocessing = 0;
		};
		719DFF552BE8E403007ACDD0 /* Resources */ = {
			isa = PBXResourcesBuildPhase;
			buildActionMask = 2147483647;
			files = (
			);
			runOnlyForDeploymentPostprocessing = 0;
		};
/* End PBXResourcesBuildPhase section */

/* Begin PBXSourcesBuildPhase section */
		719DFF382BE8E401007ACDD0 /* Sources */ = {
			isa = PBXSourcesBuildPhase;
			buildActionMask = 2147483647;
			files = (
				719DFF422BE8E401007ACDD0 /* ContentView.swift in Sources */,
				7122A3912BEA0F2800B83353 /* PrimaryButton.swift in Sources */,
				719DFF402BE8E401007ACDD0 /* PhotoEditorAppApp.swift in Sources */,
				7122A38E2BEA0CDF00B83353 /* TextExtension.swift in Sources */,
				719DFF6C2BE8E642007ACDD0 /* CaptureView.swift in Sources */,
				719DFF762BE8EA9B007ACDD0 /* ImagePicker.swift in Sources */,
				719DFF722BE8E6BC007ACDD0 /* ShareImage.swift in Sources */,
				719DFF7B2BE8FC38007ACDD0 /* FilterExtension.swift in Sources */,
				719DFF7D2BE93188007ACDD0 /* FilterThumbnail.swift in Sources */,
				719DFF6F2BE8E67E007ACDD0 /* CaptureImageExtension.swift in Sources */,
				719DFF792BE8F4EE007ACDD0 /* FilterManager.swift in Sources */,
			);
			runOnlyForDeploymentPostprocessing = 0;
		};
		719DFF492BE8E403007ACDD0 /* Sources */ = {
			isa = PBXSourcesBuildPhase;
			buildActionMask = 2147483647;
			files = (
				719DFF522BE8E403007ACDD0 /* PhotoEditorAppTests.swift in Sources */,
			);
			runOnlyForDeploymentPostprocessing = 0;
		};
		719DFF532BE8E403007ACDD0 /* Sources */ = {
			isa = PBXSourcesBuildPhase;
			buildActionMask = 2147483647;
			files = (
				719DFF5E2BE8E403007ACDD0 /* PhotoEditorAppUITestsLaunchTests.swift in Sources */,
				719DFF5C2BE8E403007ACDD0 /* PhotoEditorAppUITests.swift in Sources */,
			);
			runOnlyForDeploymentPostprocessing = 0;
		};
/* End PBXSourcesBuildPhase section */

/* Begin PBXTargetDependency section */
		719DFF4F2BE8E403007ACDD0 /* PBXTargetDependency */ = {
			isa = PBXTargetDependency;
			target = 719DFF3B2BE8E401007ACDD0 /* PhotoEditorApp */;
			targetProxy = 719DFF4E2BE8E403007ACDD0 /* PBXContainerItemProxy */;
		};
		719DFF592BE8E403007ACDD0 /* PBXTargetDependency */ = {
			isa = PBXTargetDependency;
			target = 719DFF3B2BE8E401007ACDD0 /* PhotoEditorApp */;
			targetProxy = 719DFF582BE8E403007ACDD0 /* PBXContainerItemProxy */;
		};
/* End PBXTargetDependency section */

/* Begin XCBuildConfiguration section */
		719DFF5F2BE8E403007ACDD0 /* Debug */ = {
			isa = XCBuildConfiguration;
			buildSettings = {
				ALWAYS_SEARCH_USER_PATHS = NO;
				ASSETCATALOG_COMPILER_GENERATE_SWIFT_ASSET_SYMBOL_EXTENSIONS = YES;
				CLANG_ANALYZER_NONNULL = YES;
				CLANG_ANALYZER_NUMBER_OBJECT_CONVERSION = YES_AGGRESSIVE;
				CLANG_CXX_LANGUAGE_STANDARD = "gnu++20";
				CLANG_ENABLE_MODULES = YES;
				CLANG_ENABLE_OBJC_ARC = YES;
				CLANG_ENABLE_OBJC_WEAK = YES;
				CLANG_WARN_BLOCK_CAPTURE_AUTORELEASING = YES;
				CLANG_WARN_BOOL_CONVERSION = YES;
				CLANG_WARN_COMMA = YES;
				CLANG_WARN_CONSTANT_CONVERSION = YES;
				CLANG_WARN_DEPRECATED_OBJC_IMPLEMENTATIONS = YES;
				CLANG_WARN_DIRECT_OBJC_ISA_USAGE = YES_ERROR;
				CLANG_WARN_DOCUMENTATION_COMMENTS = YES;
				CLANG_WARN_EMPTY_BODY = YES;
				CLANG_WARN_ENUM_CONVERSION = YES;
				CLANG_WARN_INFINITE_RECURSION = YES;
				CLANG_WARN_INT_CONVERSION = YES;
				CLANG_WARN_NON_LITERAL_NULL_CONVERSION = YES;
				CLANG_WARN_OBJC_IMPLICIT_RETAIN_SELF = YES;
				CLANG_WARN_OBJC_LITERAL_CONVERSION = YES;
				CLANG_WARN_OBJC_ROOT_CLASS = YES_ERROR;
				CLANG_WARN_QUOTED_INCLUDE_IN_FRAMEWORK_HEADER = YES;
				CLANG_WARN_RANGE_LOOP_ANALYSIS = YES;
				CLANG_WARN_STRICT_PROTOTYPES = YES;
				CLANG_WARN_SUSPICIOUS_MOVE = YES;
				CLANG_WARN_UNGUARDED_AVAILABILITY = YES_AGGRESSIVE;
				CLANG_WARN_UNREACHABLE_CODE = YES;
				CLANG_WARN__DUPLICATE_METHOD_MATCH = YES;
				COPY_PHASE_STRIP = NO;
				DEBUG_INFORMATION_FORMAT = dwarf;
				ENABLE_STRICT_OBJC_MSGSEND = YES;
				ENABLE_TESTABILITY = YES;
				ENABLE_USER_SCRIPT_SANDBOXING = YES;
				GCC_C_LANGUAGE_STANDARD = gnu17;
				GCC_DYNAMIC_NO_PIC = NO;
				GCC_NO_COMMON_BLOCKS = YES;
				GCC_OPTIMIZATION_LEVEL = 0;
				GCC_PREPROCESSOR_DEFINITIONS = (
					"DEBUG=1",
					"$(inherited)",
				);
				GCC_WARN_64_TO_32_BIT_CONVERSION = YES;
				GCC_WARN_ABOUT_RETURN_TYPE = YES_ERROR;
				GCC_WARN_UNDECLARED_SELECTOR = YES;
				GCC_WARN_UNINITIALIZED_AUTOS = YES_AGGRESSIVE;
				GCC_WARN_UNUSED_FUNCTION = YES;
				GCC_WARN_UNUSED_VARIABLE = YES;
				LOCALIZATION_PREFERS_STRING_CATALOGS = YES;
				MTL_ENABLE_DEBUG_INFO = INCLUDE_SOURCE;
				MTL_FAST_MATH = YES;
				ONLY_ACTIVE_ARCH = YES;
				SWIFT_ACTIVE_COMPILATION_CONDITIONS = "DEBUG $(inherited)";
				SWIFT_OPTIMIZATION_LEVEL = "-Onone";
			};
			name = Debug;
		};
		719DFF602BE8E403007ACDD0 /* Release */ = {
			isa = XCBuildConfiguration;
			buildSettings = {
				ALWAYS_SEARCH_USER_PATHS = NO;
				ASSETCATALOG_COMPILER_GENERATE_SWIFT_ASSET_SYMBOL_EXTENSIONS = YES;
				CLANG_ANALYZER_NONNULL = YES;
				CLANG_ANALYZER_NUMBER_OBJECT_CONVERSION = YES_AGGRESSIVE;
				CLANG_CXX_LANGUAGE_STANDARD = "gnu++20";
				CLANG_ENABLE_MODULES = YES;
				CLANG_ENABLE_OBJC_ARC = YES;
				CLANG_ENABLE_OBJC_WEAK = YES;
				CLANG_WARN_BLOCK_CAPTURE_AUTORELEASING = YES;
				CLANG_WARN_BOOL_CONVERSION = YES;
				CLANG_WARN_COMMA = YES;
				CLANG_WARN_CONSTANT_CONVERSION = YES;
				CLANG_WARN_DEPRECATED_OBJC_IMPLEMENTATIONS = YES;
				CLANG_WARN_DIRECT_OBJC_ISA_USAGE = YES_ERROR;
				CLANG_WARN_DOCUMENTATION_COMMENTS = YES;
				CLANG_WARN_EMPTY_BODY = YES;
				CLANG_WARN_ENUM_CONVERSION = YES;
				CLANG_WARN_INFINITE_RECURSION = YES;
				CLANG_WARN_INT_CONVERSION = YES;
				CLANG_WARN_NON_LITERAL_NULL_CONVERSION = YES;
				CLANG_WARN_OBJC_IMPLICIT_RETAIN_SELF = YES;
				CLANG_WARN_OBJC_LITERAL_CONVERSION = YES;
				CLANG_WARN_OBJC_ROOT_CLASS = YES_ERROR;
				CLANG_WARN_QUOTED_INCLUDE_IN_FRAMEWORK_HEADER = YES;
				CLANG_WARN_RANGE_LOOP_ANALYSIS = YES;
				CLANG_WARN_STRICT_PROTOTYPES = YES;
				CLANG_WARN_SUSPICIOUS_MOVE = YES;
				CLANG_WARN_UNGUARDED_AVAILABILITY = YES_AGGRESSIVE;
				CLANG_WARN_UNREACHABLE_CODE = YES;
				CLANG_WARN__DUPLICATE_METHOD_MATCH = YES;
				COPY_PHASE_STRIP = NO;
				DEBUG_INFORMATION_FORMAT = "dwarf-with-dsym";
				ENABLE_NS_ASSERTIONS = NO;
				ENABLE_STRICT_OBJC_MSGSEND = YES;
				ENABLE_USER_SCRIPT_SANDBOXING = YES;
				GCC_C_LANGUAGE_STANDARD = gnu17;
				GCC_NO_COMMON_BLOCKS = YES;
				GCC_WARN_64_TO_32_BIT_CONVERSION = YES;
				GCC_WARN_ABOUT_RETURN_TYPE = YES_ERROR;
				GCC_WARN_UNDECLARED_SELECTOR = YES;
				GCC_WARN_UNINITIALIZED_AUTOS = YES_AGGRESSIVE;
				GCC_WARN_UNUSED_FUNCTION = YES;
				GCC_WARN_UNUSED_VARIABLE = YES;
				LOCALIZATION_PREFERS_STRING_CATALOGS = YES;
				MTL_ENABLE_DEBUG_INFO = NO;
				MTL_FAST_MATH = YES;
				SWIFT_COMPILATION_MODE = wholemodule;
			};
			name = Release;
		};
		719DFF622BE8E403007ACDD0 /* Debug */ = {
			isa = XCBuildConfiguration;
			buildSettings = {
				ASSETCATALOG_COMPILER_APPICON_NAME = AppIcon;
				ASSETCATALOG_COMPILER_GLOBAL_ACCENT_COLOR_NAME = AccentColor;
				CODE_SIGN_ENTITLEMENTS = PhotoEditorApp/PhotoEditorApp.entitlements;
				CODE_SIGN_STYLE = Automatic;
				CURRENT_PROJECT_VERSION = 1;
				DEVELOPMENT_ASSET_PATHS = "\"PhotoEditorApp/Preview Content\"";
				DEVELOPMENT_TEAM = 3PVS97ZMGQ;
				ENABLE_HARDENED_RUNTIME = YES;
				ENABLE_PREVIEWS = YES;
				GENERATE_INFOPLIST_FILE = YES;
				"INFOPLIST_KEY_UIApplicationSceneManifest_Generation[sdk=iphoneos*]" = YES;
				"INFOPLIST_KEY_UIApplicationSceneManifest_Generation[sdk=iphonesimulator*]" = YES;
				"INFOPLIST_KEY_UIApplicationSupportsIndirectInputEvents[sdk=iphoneos*]" = YES;
				"INFOPLIST_KEY_UIApplicationSupportsIndirectInputEvents[sdk=iphonesimulator*]" = YES;
				"INFOPLIST_KEY_UILaunchScreen_Generation[sdk=iphoneos*]" = YES;
				"INFOPLIST_KEY_UILaunchScreen_Generation[sdk=iphonesimulator*]" = YES;
				"INFOPLIST_KEY_UIStatusBarStyle[sdk=iphoneos*]" = UIStatusBarStyleDefault;
				"INFOPLIST_KEY_UIStatusBarStyle[sdk=iphonesimulator*]" = UIStatusBarStyleDefault;
				INFOPLIST_KEY_UISupportedInterfaceOrientations_iPad = "UIInterfaceOrientationPortrait UIInterfaceOrientationPortraitUpsideDown UIInterfaceOrientationLandscapeLeft UIInterfaceOrientationLandscapeRight";
				INFOPLIST_KEY_UISupportedInterfaceOrientations_iPhone = "UIInterfaceOrientationPortrait UIInterfaceOrientationLandscapeLeft UIInterfaceOrientationLandscapeRight";
				IPHONEOS_DEPLOYMENT_TARGET = 17.4;
				LD_RUNPATH_SEARCH_PATHS = "@executable_path/Frameworks";
				"LD_RUNPATH_SEARCH_PATHS[sdk=macosx*]" = "@executable_path/../Frameworks";
				MACOSX_DEPLOYMENT_TARGET = 14.4;
				MARKETING_VERSION = 1.0;
				PRODUCT_BUNDLE_IDENTIFIER = com.project.sample.PhotoEditorApp;
				PRODUCT_NAME = "$(TARGET_NAME)";
				SDKROOT = auto;
				SUPPORTED_PLATFORMS = "iphoneos iphonesimulator macosx";
				SWIFT_EMIT_LOC_STRINGS = YES;
				SWIFT_VERSION = 5.0;
				TARGETED_DEVICE_FAMILY = "1,2";
			};
			name = Debug;
		};
		719DFF632BE8E403007ACDD0 /* Release */ = {
			isa = XCBuildConfiguration;
			buildSettings = {
				ASSETCATALOG_COMPILER_APPICON_NAME = AppIcon;
				ASSETCATALOG_COMPILER_GLOBAL_ACCENT_COLOR_NAME = AccentColor;
				CODE_SIGN_ENTITLEMENTS = PhotoEditorApp/PhotoEditorApp.entitlements;
				CODE_SIGN_STYLE = Automatic;
				CURRENT_PROJECT_VERSION = 1;
				DEVELOPMENT_ASSET_PATHS = "\"PhotoEditorApp/Preview Content\"";
				DEVELOPMENT_TEAM = 3PVS97ZMGQ;
				ENABLE_HARDENED_RUNTIME = YES;
				ENABLE_PREVIEWS = YES;
				GENERATE_INFOPLIST_FILE = YES;
				"INFOPLIST_KEY_UIApplicationSceneManifest_Generation[sdk=iphoneos*]" = YES;
				"INFOPLIST_KEY_UIApplicationSceneManifest_Generation[sdk=iphonesimulator*]" = YES;
				"INFOPLIST_KEY_UIApplicationSupportsIndirectInputEvents[sdk=iphoneos*]" = YES;
				"INFOPLIST_KEY_UIApplicationSupportsIndirectInputEvents[sdk=iphonesimulator*]" = YES;
				"INFOPLIST_KEY_UILaunchScreen_Generation[sdk=iphoneos*]" = YES;
				"INFOPLIST_KEY_UILaunchScreen_Generation[sdk=iphonesimulator*]" = YES;
				"INFOPLIST_KEY_UIStatusBarStyle[sdk=iphoneos*]" = UIStatusBarStyleDefault;
				"INFOPLIST_KEY_UIStatusBarStyle[sdk=iphonesimulator*]" = UIStatusBarStyleDefault;
				INFOPLIST_KEY_UISupportedInterfaceOrientations_iPad = "UIInterfaceOrientationPortrait UIInterfaceOrientationPortraitUpsideDown UIInterfaceOrientationLandscapeLeft UIInterfaceOrientationLandscapeRight";
				INFOPLIST_KEY_UISupportedInterfaceOrientations_iPhone = "UIInterfaceOrientationPortrait UIInterfaceOrientationLandscapeLeft UIInterfaceOrientationLandscapeRight";
				IPHONEOS_DEPLOYMENT_TARGET = 17.4;
				LD_RUNPATH_SEARCH_PATHS = "@executable_path/Frameworks";
				"LD_RUNPATH_SEARCH_PATHS[sdk=macosx*]" = "@executable_path/../Frameworks";
				MACOSX_DEPLOYMENT_TARGET = 14.4;
				MARKETING_VERSION = 1.0;
				PRODUCT_BUNDLE_IDENTIFIER = com.project.sample.PhotoEditorApp;
				PRODUCT_NAME = "$(TARGET_NAME)";
				SDKROOT = auto;
				SUPPORTED_PLATFORMS = "iphoneos iphonesimulator macosx";
				SWIFT_EMIT_LOC_STRINGS = YES;
				SWIFT_VERSION = 5.0;
				TARGETED_DEVICE_FAMILY = "1,2";
			};
			name = Release;
		};
		719DFF652BE8E403007ACDD0 /* Debug */ = {
			isa = XCBuildConfiguration;
			buildSettings = {
				ALWAYS_EMBED_SWIFT_STANDARD_LIBRARIES = YES;
				BUNDLE_LOADER = "$(TEST_HOST)";
				CODE_SIGN_STYLE = Automatic;
				CURRENT_PROJECT_VERSION = 1;
				DEVELOPMENT_TEAM = 3PVS97ZMGQ;
				GENERATE_INFOPLIST_FILE = YES;
				IPHONEOS_DEPLOYMENT_TARGET = 17.4;
				MACOSX_DEPLOYMENT_TARGET = 14.4;
				MARKETING_VERSION = 1.0;
				PRODUCT_BUNDLE_IDENTIFIER = com.project.sample.PhotoEditorAppTests;
				PRODUCT_NAME = "$(TARGET_NAME)";
				SDKROOT = auto;
				SUPPORTED_PLATFORMS = "iphoneos iphonesimulator macosx";
				SWIFT_EMIT_LOC_STRINGS = NO;
				SWIFT_VERSION = 5.0;
				TARGETED_DEVICE_FAMILY = "1,2";
				TEST_HOST = "$(BUILT_PRODUCTS_DIR)/PhotoEditorApp.app/$(BUNDLE_EXECUTABLE_FOLDER_PATH)/PhotoEditorApp";
			};
			name = Debug;
		};
		719DFF662BE8E403007ACDD0 /* Release */ = {
			isa = XCBuildConfiguration;
			buildSettings = {
				ALWAYS_EMBED_SWIFT_STANDARD_LIBRARIES = YES;
				BUNDLE_LOADER = "$(TEST_HOST)";
				CODE_SIGN_STYLE = Automatic;
				CURRENT_PROJECT_VERSION = 1;
				DEVELOPMENT_TEAM = 3PVS97ZMGQ;
				GENERATE_INFOPLIST_FILE = YES;
				IPHONEOS_DEPLOYMENT_TARGET = 17.4;
				MACOSX_DEPLOYMENT_TARGET = 14.4;
				MARKETING_VERSION = 1.0;
				PRODUCT_BUNDLE_IDENTIFIER = com.project.sample.PhotoEditorAppTests;
				PRODUCT_NAME = "$(TARGET_NAME)";
				SDKROOT = auto;
				SUPPORTED_PLATFORMS = "iphoneos iphonesimulator macosx";
				SWIFT_EMIT_LOC_STRINGS = NO;
				SWIFT_VERSION = 5.0;
				TARGETED_DEVICE_FAMILY = "1,2";
				TEST_HOST = "$(BUILT_PRODUCTS_DIR)/PhotoEditorApp.app/$(BUNDLE_EXECUTABLE_FOLDER_PATH)/PhotoEditorApp";
			};
			name = Release;
		};
		719DFF682BE8E403007ACDD0 /* Debug */ = {
			isa = XCBuildConfiguration;
			buildSettings = {
				ALWAYS_EMBED_SWIFT_STANDARD_LIBRARIES = YES;
				CODE_SIGN_STYLE = Automatic;
				CURRENT_PROJECT_VERSION = 1;
				DEVELOPMENT_TEAM = 3PVS97ZMGQ;
				GENERATE_INFOPLIST_FILE = YES;
				IPHONEOS_DEPLOYMENT_TARGET = 17.4;
				MACOSX_DEPLOYMENT_TARGET = 14.4;
				MARKETING_VERSION = 1.0;
				PRODUCT_BUNDLE_IDENTIFIER = com.project.sample.PhotoEditorAppUITests;
				PRODUCT_NAME = "$(TARGET_NAME)";
				SDKROOT = auto;
				SUPPORTED_PLATFORMS = "iphoneos iphonesimulator macosx";
				SWIFT_EMIT_LOC_STRINGS = NO;
				SWIFT_VERSION = 5.0;
				TARGETED_DEVICE_FAMILY = "1,2";
				TEST_TARGET_NAME = PhotoEditorApp;
			};
			name = Debug;
		};
		719DFF692BE8E403007ACDD0 /* Release */ = {
			isa = XCBuildConfiguration;
			buildSettings = {
				ALWAYS_EMBED_SWIFT_STANDARD_LIBRARIES = YES;
				CODE_SIGN_STYLE = Automatic;
				CURRENT_PROJECT_VERSION = 1;
				DEVELOPMENT_TEAM = 3PVS97ZMGQ;
				GENERATE_INFOPLIST_FILE = YES;
				IPHONEOS_DEPLOYMENT_TARGET = 17.4;
				MACOSX_DEPLOYMENT_TARGET = 14.4;
				MARKETING_VERSION = 1.0;
				PRODUCT_BUNDLE_IDENTIFIER = com.project.sample.PhotoEditorAppUITests;
				PRODUCT_NAME = "$(TARGET_NAME)";
				SDKROOT = auto;
				SUPPORTED_PLATFORMS = "iphoneos iphonesimulator macosx";
				SWIFT_EMIT_LOC_STRINGS = NO;
				SWIFT_VERSION = 5.0;
				TARGETED_DEVICE_FAMILY = "1,2";
				TEST_TARGET_NAME = PhotoEditorApp;
			};
			name = Release;
		};
/* End XCBuildConfiguration section */

/* Begin XCConfigurationList section */
		719DFF372BE8E401007ACDD0 /* Build configuration list for PBXProject "PhotoEditorApp" */ = {
			isa = XCConfigurationList;
			buildConfigurations = (
				719DFF5F2BE8E403007ACDD0 /* Debug */,
				719DFF602BE8E403007ACDD0 /* Release */,
			);
			defaultConfigurationIsVisible = 0;
			defaultConfigurationName = Release;
		};
		719DFF612BE8E403007ACDD0 /* Build configuration list for PBXNativeTarget "PhotoEditorApp" */ = {
			isa = XCConfigurationList;
			buildConfigurations = (
				719DFF622BE8E403007ACDD0 /* Debug */,
				719DFF632BE8E403007ACDD0 /* Release */,
			);
			defaultConfigurationIsVisible = 0;
			defaultConfigurationName = Release;
		};
		719DFF642BE8E403007ACDD0 /* Build configuration list for PBXNativeTarget "PhotoEditorAppTests" */ = {
			isa = XCConfigurationList;
			buildConfigurations = (
				719DFF652BE8E403007ACDD0 /* Debug */,
				719DFF662BE8E403007ACDD0 /* Release */,
			);
			defaultConfigurationIsVisible = 0;
			defaultConfigurationName = Release;
		};
		719DFF672BE8E403007ACDD0 /* Build configuration list for PBXNativeTarget "PhotoEditorAppUITests" */ = {
			isa = XCConfigurationList;
			buildConfigurations = (
				719DFF682BE8E403007ACDD0 /* Debug */,
				719DFF692BE8E403007ACDD0 /* Release */,
			);
			defaultConfigurationIsVisible = 0;
			defaultConfigurationName = Release;
		};
/* End XCConfigurationList section */
	};
	rootObject = 719DFF342BE8E401007ACDD0 /* Project object */;
}
